// !$*UTF8*$!
{
	archiveVersion = 1;
	classes = {
	};
	objectVersion = 48;
	objects = {

/* Begin PBXBuildFile section */
		08D2B7C20B7B637982150715 /* Pods_dynamic_forms.framework in Frameworks */ = {isa = PBXBuildFile; fileRef = 2E80B18185295154D0CE99D0 /* Pods_dynamic_forms.framework */; };
		1230AAFF1FBE3A89009CDC4F /* AppDelegate.swift in Sources */ = {isa = PBXBuildFile; fileRef = 1230AAFE1FBE3A89009CDC4F /* AppDelegate.swift */; };
		1230AB011FBE3A89009CDC4F /* ViewController.swift in Sources */ = {isa = PBXBuildFile; fileRef = 1230AB001FBE3A89009CDC4F /* ViewController.swift */; };
		1230AB041FBE3A89009CDC4F /* Main.storyboard in Resources */ = {isa = PBXBuildFile; fileRef = 1230AB021FBE3A89009CDC4F /* Main.storyboard */; };
		1230AB061FBE3A89009CDC4F /* Assets.xcassets in Resources */ = {isa = PBXBuildFile; fileRef = 1230AB051FBE3A89009CDC4F /* Assets.xcassets */; };
		1230AB091FBE3A89009CDC4F /* LaunchScreen.storyboard in Resources */ = {isa = PBXBuildFile; fileRef = 1230AB071FBE3A89009CDC4F /* LaunchScreen.storyboard */; };
		1230AB141FBE3A89009CDC4F /* dynamic_formsTests.swift in Sources */ = {isa = PBXBuildFile; fileRef = 1230AB131FBE3A89009CDC4F /* dynamic_formsTests.swift */; };
		1230AB1F1FBE3A89009CDC4F /* dynamic_formsUITests.swift in Sources */ = {isa = PBXBuildFile; fileRef = 1230AB1E1FBE3A89009CDC4F /* dynamic_formsUITests.swift */; };
		1230AB2D1FBE3D87009CDC4F /* FormDynamicController.swift in Sources */ = {isa = PBXBuildFile; fileRef = 1230AB2C1FBE3D87009CDC4F /* FormDynamicController.swift */; };
		6CB9745A3A0E818396343A1E /* Pods_dynamic_formsUITests.framework in Frameworks */ = {isa = PBXBuildFile; fileRef = 96A8D6578E917FDA8BAFDC58 /* Pods_dynamic_formsUITests.framework */; };
		CF0D028B54B412167086000C /* Pods_dynamic_formsTests.framework in Frameworks */ = {isa = PBXBuildFile; fileRef = B01A9DE3F51835FC3FAD16D6 /* Pods_dynamic_formsTests.framework */; };
/* End PBXBuildFile section */

/* Begin PBXContainerItemProxy section */
		1230AB101FBE3A89009CDC4F /* PBXContainerItemProxy */ = {
			isa = PBXContainerItemProxy;
			containerPortal = 1230AAF31FBE3A89009CDC4F /* Project object */;
			proxyType = 1;
			remoteGlobalIDString = 1230AAFA1FBE3A89009CDC4F;
			remoteInfo = dynamic_forms;
		};
		1230AB1B1FBE3A89009CDC4F /* PBXContainerItemProxy */ = {
			isa = PBXContainerItemProxy;
			containerPortal = 1230AAF31FBE3A89009CDC4F /* Project object */;
			proxyType = 1;
			remoteGlobalIDString = 1230AAFA1FBE3A89009CDC4F;
			remoteInfo = dynamic_forms;
		};
/* End PBXContainerItemProxy section */

/* Begin PBXFileReference section */
		1230AAFB1FBE3A89009CDC4F /* dynamic_forms.app */ = {isa = PBXFileReference; explicitFileType = wrapper.application; includeInIndex = 0; path = dynamic_forms.app; sourceTree = BUILT_PRODUCTS_DIR; };
		1230AAFE1FBE3A89009CDC4F /* AppDelegate.swift */ = {isa = PBXFileReference; lastKnownFileType = sourcecode.swift; path = AppDelegate.swift; sourceTree = "<group>"; };
		1230AB001FBE3A89009CDC4F /* ViewController.swift */ = {isa = PBXFileReference; lastKnownFileType = sourcecode.swift; path = ViewController.swift; sourceTree = "<group>"; };
		1230AB031FBE3A89009CDC4F /* Base */ = {isa = PBXFileReference; lastKnownFileType = file.storyboard; name = Base; path = Base.lproj/Main.storyboard; sourceTree = "<group>"; };
		1230AB051FBE3A89009CDC4F /* Assets.xcassets */ = {isa = PBXFileReference; lastKnownFileType = folder.assetcatalog; path = Assets.xcassets; sourceTree = "<group>"; };
		1230AB081FBE3A89009CDC4F /* Base */ = {isa = PBXFileReference; lastKnownFileType = file.storyboard; name = Base; path = Base.lproj/LaunchScreen.storyboard; sourceTree = "<group>"; };
		1230AB0A1FBE3A89009CDC4F /* Info.plist */ = {isa = PBXFileReference; lastKnownFileType = text.plist.xml; path = Info.plist; sourceTree = "<group>"; };
		1230AB0F1FBE3A89009CDC4F /* dynamic_formsTests.xctest */ = {isa = PBXFileReference; explicitFileType = wrapper.cfbundle; includeInIndex = 0; path = dynamic_formsTests.xctest; sourceTree = BUILT_PRODUCTS_DIR; };
		1230AB131FBE3A89009CDC4F /* dynamic_formsTests.swift */ = {isa = PBXFileReference; lastKnownFileType = sourcecode.swift; path = dynamic_formsTests.swift; sourceTree = "<group>"; };
		1230AB151FBE3A89009CDC4F /* Info.plist */ = {isa = PBXFileReference; lastKnownFileType = text.plist.xml; path = Info.plist; sourceTree = "<group>"; };
		1230AB1A1FBE3A89009CDC4F /* dynamic_formsUITests.xctest */ = {isa = PBXFileReference; explicitFileType = wrapper.cfbundle; includeInIndex = 0; path = dynamic_formsUITests.xctest; sourceTree = BUILT_PRODUCTS_DIR; };
		1230AB1E1FBE3A89009CDC4F /* dynamic_formsUITests.swift */ = {isa = PBXFileReference; lastKnownFileType = sourcecode.swift; path = dynamic_formsUITests.swift; sourceTree = "<group>"; };
		1230AB201FBE3A89009CDC4F /* Info.plist */ = {isa = PBXFileReference; lastKnownFileType = text.plist.xml; path = Info.plist; sourceTree = "<group>"; };
		1230AB2C1FBE3D87009CDC4F /* FormDynamicController.swift */ = {isa = PBXFileReference; lastKnownFileType = sourcecode.swift; path = FormDynamicController.swift; sourceTree = "<group>"; };
		18EA0D3FCA18D5D74FCAC4C2 /* Pods-dynamic_formsUITests.debug.xcconfig */ = {isa = PBXFileReference; includeInIndex = 1; lastKnownFileType = text.xcconfig; name = "Pods-dynamic_formsUITests.debug.xcconfig"; path = "Pods/Target Support Files/Pods-dynamic_formsUITests/Pods-dynamic_formsUITests.debug.xcconfig"; sourceTree = "<group>"; };
		2E80B18185295154D0CE99D0 /* Pods_dynamic_forms.framework */ = {isa = PBXFileReference; explicitFileType = wrapper.framework; includeInIndex = 0; path = Pods_dynamic_forms.framework; sourceTree = BUILT_PRODUCTS_DIR; };
		3F8383F253C06BECE1293183 /* Pods-dynamic_formsTests.debug.xcconfig */ = {isa = PBXFileReference; includeInIndex = 1; lastKnownFileType = text.xcconfig; name = "Pods-dynamic_formsTests.debug.xcconfig"; path = "Pods/Target Support Files/Pods-dynamic_formsTests/Pods-dynamic_formsTests.debug.xcconfig"; sourceTree = "<group>"; };
		5731AFB13F7350D6A2E9BC6D /* Pods-dynamic_formsTests.release.xcconfig */ = {isa = PBXFileReference; includeInIndex = 1; lastKnownFileType = text.xcconfig; name = "Pods-dynamic_formsTests.release.xcconfig"; path = "Pods/Target Support Files/Pods-dynamic_formsTests/Pods-dynamic_formsTests.release.xcconfig"; sourceTree = "<group>"; };
		96A8D6578E917FDA8BAFDC58 /* Pods_dynamic_formsUITests.framework */ = {isa = PBXFileReference; explicitFileType = wrapper.framework; includeInIndex = 0; path = Pods_dynamic_formsUITests.framework; sourceTree = BUILT_PRODUCTS_DIR; };
		9F32B33F5A5B980298A6CE22 /* Pods-dynamic_forms.release.xcconfig */ = {isa = PBXFileReference; includeInIndex = 1; lastKnownFileType = text.xcconfig; name = "Pods-dynamic_forms.release.xcconfig"; path = "Pods/Target Support Files/Pods-dynamic_forms/Pods-dynamic_forms.release.xcconfig"; sourceTree = "<group>"; };
		A54EE1349994EAC3666725B9 /* Pods-dynamic_forms.debug.xcconfig */ = {isa = PBXFileReference; includeInIndex = 1; lastKnownFileType = text.xcconfig; name = "Pods-dynamic_forms.debug.xcconfig"; path = "Pods/Target Support Files/Pods-dynamic_forms/Pods-dynamic_forms.debug.xcconfig"; sourceTree = "<group>"; };
		B01A9DE3F51835FC3FAD16D6 /* Pods_dynamic_formsTests.framework */ = {isa = PBXFileReference; explicitFileType = wrapper.framework; includeInIndex = 0; path = Pods_dynamic_formsTests.framework; sourceTree = BUILT_PRODUCTS_DIR; };
		F6FA74879FD110F5DA8B9158 /* Pods-dynamic_formsUITests.release.xcconfig */ = {isa = PBXFileReference; includeInIndex = 1; lastKnownFileType = text.xcconfig; name = "Pods-dynamic_formsUITests.release.xcconfig"; path = "Pods/Target Support Files/Pods-dynamic_formsUITests/Pods-dynamic_formsUITests.release.xcconfig"; sourceTree = "<group>"; };
/* End PBXFileReference section */

/* Begin PBXFrameworksBuildPhase section */
		1230AAF81FBE3A89009CDC4F /* Frameworks */ = {
			isa = PBXFrameworksBuildPhase;
			buildActionMask = 2147483647;
			files = (
				08D2B7C20B7B637982150715 /* Pods_dynamic_forms.framework in Frameworks */,
			);
			runOnlyForDeploymentPostprocessing = 0;
		};
		1230AB0C1FBE3A89009CDC4F /* Frameworks */ = {
			isa = PBXFrameworksBuildPhase;
			buildActionMask = 2147483647;
			files = (
				CF0D028B54B412167086000C /* Pods_dynamic_formsTests.framework in Frameworks */,
			);
			runOnlyForDeploymentPostprocessing = 0;
		};
		1230AB171FBE3A89009CDC4F /* Frameworks */ = {
			isa = PBXFrameworksBuildPhase;
			buildActionMask = 2147483647;
			files = (
				6CB9745A3A0E818396343A1E /* Pods_dynamic_formsUITests.framework in Frameworks */,
			);
			runOnlyForDeploymentPostprocessing = 0;
		};
/* End PBXFrameworksBuildPhase section */

/* Begin PBXGroup section */
		1230AAF21FBE3A89009CDC4F = {
			isa = PBXGroup;
			children = (
				1230AAFD1FBE3A89009CDC4F /* dynamic_forms */,
				1230AB121FBE3A89009CDC4F /* dynamic_formsTests */,
				1230AB1D1FBE3A89009CDC4F /* dynamic_formsUITests */,
				1230AAFC1FBE3A89009CDC4F /* Products */,
				EB534BA6B45454ECA7804485 /* Pods */,
				5EB1ECDEC79D44F52C7A35C0 /* Frameworks */,
			);
			sourceTree = "<group>";
		};
		1230AAFC1FBE3A89009CDC4F /* Products */ = {
			isa = PBXGroup;
			children = (
				1230AAFB1FBE3A89009CDC4F /* dynamic_forms.app */,
				1230AB0F1FBE3A89009CDC4F /* dynamic_formsTests.xctest */,
				1230AB1A1FBE3A89009CDC4F /* dynamic_formsUITests.xctest */,
			);
			name = Products;
			sourceTree = "<group>";
		};
		1230AAFD1FBE3A89009CDC4F /* dynamic_forms */ = {
			isa = PBXGroup;
			children = (
				1230AAFE1FBE3A89009CDC4F /* AppDelegate.swift */,
				1230AB001FBE3A89009CDC4F /* ViewController.swift */,
				1230AB021FBE3A89009CDC4F /* Main.storyboard */,
				1230AB051FBE3A89009CDC4F /* Assets.xcassets */,
				1230AB071FBE3A89009CDC4F /* LaunchScreen.storyboard */,
				1230AB0A1FBE3A89009CDC4F /* Info.plist */,
				1230AB2C1FBE3D87009CDC4F /* FormDynamicController.swift */,
			);
			path = dynamic_forms;
			sourceTree = "<group>";
		};
		1230AB121FBE3A89009CDC4F /* dynamic_formsTests */ = {
			isa = PBXGroup;
			children = (
				1230AB131FBE3A89009CDC4F /* dynamic_formsTests.swift */,
				1230AB151FBE3A89009CDC4F /* Info.plist */,
			);
			path = dynamic_formsTests;
			sourceTree = "<group>";
		};
		1230AB1D1FBE3A89009CDC4F /* dynamic_formsUITests */ = {
			isa = PBXGroup;
			children = (
				1230AB1E1FBE3A89009CDC4F /* dynamic_formsUITests.swift */,
				1230AB201FBE3A89009CDC4F /* Info.plist */,
			);
			path = dynamic_formsUITests;
			sourceTree = "<group>";
		};
		5EB1ECDEC79D44F52C7A35C0 /* Frameworks */ = {
			isa = PBXGroup;
			children = (
				2E80B18185295154D0CE99D0 /* Pods_dynamic_forms.framework */,
				B01A9DE3F51835FC3FAD16D6 /* Pods_dynamic_formsTests.framework */,
				96A8D6578E917FDA8BAFDC58 /* Pods_dynamic_formsUITests.framework */,
			);
			name = Frameworks;
			sourceTree = "<group>";
		};
		EB534BA6B45454ECA7804485 /* Pods */ = {
			isa = PBXGroup;
			children = (
				A54EE1349994EAC3666725B9 /* Pods-dynamic_forms.debug.xcconfig */,
				9F32B33F5A5B980298A6CE22 /* Pods-dynamic_forms.release.xcconfig */,
				3F8383F253C06BECE1293183 /* Pods-dynamic_formsTests.debug.xcconfig */,
				5731AFB13F7350D6A2E9BC6D /* Pods-dynamic_formsTests.release.xcconfig */,
				18EA0D3FCA18D5D74FCAC4C2 /* Pods-dynamic_formsUITests.debug.xcconfig */,
				F6FA74879FD110F5DA8B9158 /* Pods-dynamic_formsUITests.release.xcconfig */,
			);
			name = Pods;
			sourceTree = "<group>";
		};
/* End PBXGroup section */

/* Begin PBXNativeTarget section */
		1230AAFA1FBE3A89009CDC4F /* dynamic_forms */ = {
			isa = PBXNativeTarget;
			buildConfigurationList = 1230AB231FBE3A89009CDC4F /* Build configuration list for PBXNativeTarget "dynamic_forms" */;
			buildPhases = (
				4CC701FF63C3299D58D20B00 /* [CP] Check Pods Manifest.lock */,
				1230AAF71FBE3A89009CDC4F /* Sources */,
				1230AAF81FBE3A89009CDC4F /* Frameworks */,
				1230AAF91FBE3A89009CDC4F /* Resources */,
				56A72C684C55AD73CF35B1CD /* [CP] Embed Pods Frameworks */,
				2C62E1224460A460F2D7CA49 /* [CP] Copy Pods Resources */,
			);
			buildRules = (
			);
			dependencies = (
			);
			name = dynamic_forms;
			productName = dynamic_forms;
			productReference = 1230AAFB1FBE3A89009CDC4F /* dynamic_forms.app */;
			productType = "com.apple.product-type.application";
		};
		1230AB0E1FBE3A89009CDC4F /* dynamic_formsTests */ = {
			isa = PBXNativeTarget;
			buildConfigurationList = 1230AB261FBE3A89009CDC4F /* Build configuration list for PBXNativeTarget "dynamic_formsTests" */;
			buildPhases = (
				16DF3FB421512D2663116357 /* [CP] Check Pods Manifest.lock */,
				1230AB0B1FBE3A89009CDC4F /* Sources */,
				1230AB0C1FBE3A89009CDC4F /* Frameworks */,
				1230AB0D1FBE3A89009CDC4F /* Resources */,
				12F0CA3FF80E36317ABF2A7C /* [CP] Embed Pods Frameworks */,
				44F5F44966408BEDCDBDD468 /* [CP] Copy Pods Resources */,
			);
			buildRules = (
			);
			dependencies = (
				1230AB111FBE3A89009CDC4F /* PBXTargetDependency */,
			);
			name = dynamic_formsTests;
			productName = dynamic_formsTests;
			productReference = 1230AB0F1FBE3A89009CDC4F /* dynamic_formsTests.xctest */;
			productType = "com.apple.product-type.bundle.unit-test";
		};
		1230AB191FBE3A89009CDC4F /* dynamic_formsUITests */ = {
			isa = PBXNativeTarget;
			buildConfigurationList = 1230AB291FBE3A89009CDC4F /* Build configuration list for PBXNativeTarget "dynamic_formsUITests" */;
			buildPhases = (
				F5FBD54F88A5F4C20FEC2A68 /* [CP] Check Pods Manifest.lock */,
				1230AB161FBE3A89009CDC4F /* Sources */,
				1230AB171FBE3A89009CDC4F /* Frameworks */,
				1230AB181FBE3A89009CDC4F /* Resources */,
				0DD3ABDBF5FCA6B5AA111243 /* [CP] Embed Pods Frameworks */,
				54FCA9314A932912412381B4 /* [CP] Copy Pods Resources */,
			);
			buildRules = (
			);
			dependencies = (
				1230AB1C1FBE3A89009CDC4F /* PBXTargetDependency */,
			);
			name = dynamic_formsUITests;
			productName = dynamic_formsUITests;
			productReference = 1230AB1A1FBE3A89009CDC4F /* dynamic_formsUITests.xctest */;
			productType = "com.apple.product-type.bundle.ui-testing";
		};
/* End PBXNativeTarget section */

/* Begin PBXProject section */
		1230AAF31FBE3A89009CDC4F /* Project object */ = {
			isa = PBXProject;
			attributes = {
				LastSwiftUpdateCheck = 0910;
				LastUpgradeCheck = 0910;
				ORGANIZATIONNAME = "João Fonseca";
				TargetAttributes = {
					1230AAFA1FBE3A89009CDC4F = {
						CreatedOnToolsVersion = 9.1;
						ProvisioningStyle = Automatic;
					};
					1230AB0E1FBE3A89009CDC4F = {
						CreatedOnToolsVersion = 9.1;
						ProvisioningStyle = Automatic;
						TestTargetID = 1230AAFA1FBE3A89009CDC4F;
					};
					1230AB191FBE3A89009CDC4F = {
						CreatedOnToolsVersion = 9.1;
						ProvisioningStyle = Automatic;
						TestTargetID = 1230AAFA1FBE3A89009CDC4F;
					};
				};
			};
			buildConfigurationList = 1230AAF61FBE3A89009CDC4F /* Build configuration list for PBXProject "dynamic_forms" */;
			compatibilityVersion = "Xcode 8.0";
			developmentRegion = en;
			hasScannedForEncodings = 0;
			knownRegions = (
				en,
				Base,
			);
			mainGroup = 1230AAF21FBE3A89009CDC4F;
			productRefGroup = 1230AAFC1FBE3A89009CDC4F /* Products */;
			projectDirPath = "";
			projectRoot = "";
			targets = (
				1230AAFA1FBE3A89009CDC4F /* dynamic_forms */,
				1230AB0E1FBE3A89009CDC4F /* dynamic_formsTests */,
				1230AB191FBE3A89009CDC4F /* dynamic_formsUITests */,
			);
		};
/* End PBXProject section */

/* Begin PBXResourcesBuildPhase section */
		1230AAF91FBE3A89009CDC4F /* Resources */ = {
			isa = PBXResourcesBuildPhase;
			buildActionMask = 2147483647;
			files = (
				1230AB091FBE3A89009CDC4F /* LaunchScreen.storyboard in Resources */,
				1230AB061FBE3A89009CDC4F /* Assets.xcassets in Resources */,
				1230AB041FBE3A89009CDC4F /* Main.storyboard in Resources */,
			);
			runOnlyForDeploymentPostprocessing = 0;
		};
		1230AB0D1FBE3A89009CDC4F /* Resources */ = {
			isa = PBXResourcesBuildPhase;
			buildActionMask = 2147483647;
			files = (
			);
			runOnlyForDeploymentPostprocessing = 0;
		};
		1230AB181FBE3A89009CDC4F /* Resources */ = {
			isa = PBXResourcesBuildPhase;
			buildActionMask = 2147483647;
			files = (
			);
			runOnlyForDeploymentPostprocessing = 0;
		};
/* End PBXResourcesBuildPhase section */

/* Begin PBXShellScriptBuildPhase section */
		0DD3ABDBF5FCA6B5AA111243 /* [CP] Embed Pods Frameworks */ = {
			isa = PBXShellScriptBuildPhase;
			buildActionMask = 2147483647;
			files = (
			);
			inputPaths = (
			);
			name = "[CP] Embed Pods Frameworks";
			outputPaths = (
			);
			runOnlyForDeploymentPostprocessing = 0;
			shellPath = /bin/sh;
			shellScript = "\"${SRCROOT}/Pods/Target Support Files/Pods-dynamic_formsUITests/Pods-dynamic_formsUITests-frameworks.sh\"\n";
			showEnvVarsInLog = 0;
		};
		12F0CA3FF80E36317ABF2A7C /* [CP] Embed Pods Frameworks */ = {
			isa = PBXShellScriptBuildPhase;
			buildActionMask = 2147483647;
			files = (
			);
			inputPaths = (
			);
			name = "[CP] Embed Pods Frameworks";
			outputPaths = (
			);
			runOnlyForDeploymentPostprocessing = 0;
			shellPath = /bin/sh;
			shellScript = "\"${SRCROOT}/Pods/Target Support Files/Pods-dynamic_formsTests/Pods-dynamic_formsTests-frameworks.sh\"\n";
			showEnvVarsInLog = 0;
		};
		16DF3FB421512D2663116357 /* [CP] Check Pods Manifest.lock */ = {
			isa = PBXShellScriptBuildPhase;
			buildActionMask = 2147483647;
			files = (
			);
			inputPaths = (
				"${PODS_PODFILE_DIR_PATH}/Podfile.lock",
				"${PODS_ROOT}/Manifest.lock",
			);
			name = "[CP] Check Pods Manifest.lock";
			outputPaths = (
				"$(DERIVED_FILE_DIR)/Pods-dynamic_formsTests-checkManifestLockResult.txt",
			);
			runOnlyForDeploymentPostprocessing = 0;
			shellPath = /bin/sh;
			shellScript = "diff \"${PODS_PODFILE_DIR_PATH}/Podfile.lock\" \"${PODS_ROOT}/Manifest.lock\" > /dev/null\nif [ $? != 0 ] ; then\n    # print error to STDERR\n    echo \"error: The sandbox is not in sync with the Podfile.lock. Run 'pod install' or update your CocoaPods installation.\" >&2\n    exit 1\nfi\n# This output is used by Xcode 'outputs' to avoid re-running this script phase.\necho \"SUCCESS\" > \"${SCRIPT_OUTPUT_FILE_0}\"\n";
			showEnvVarsInLog = 0;
		};
		2C62E1224460A460F2D7CA49 /* [CP] Copy Pods Resources */ = {
			isa = PBXShellScriptBuildPhase;
			buildActionMask = 2147483647;
			files = (
			);
			inputPaths = (
			);
			name = "[CP] Copy Pods Resources";
			outputPaths = (
			);
			runOnlyForDeploymentPostprocessing = 0;
			shellPath = /bin/sh;
			shellScript = "\"${SRCROOT}/Pods/Target Support Files/Pods-dynamic_forms/Pods-dynamic_forms-resources.sh\"\n";
			showEnvVarsInLog = 0;
		};
		44F5F44966408BEDCDBDD468 /* [CP] Copy Pods Resources */ = {
			isa = PBXShellScriptBuildPhase;
			buildActionMask = 2147483647;
			files = (
			);
			inputPaths = (
			);
			name = "[CP] Copy Pods Resources";
			outputPaths = (
			);
			runOnlyForDeploymentPostprocessing = 0;
			shellPath = /bin/sh;
			shellScript = "\"${SRCROOT}/Pods/Target Support Files/Pods-dynamic_formsTests/Pods-dynamic_formsTests-resources.sh\"\n";
			showEnvVarsInLog = 0;
		};
		4CC701FF63C3299D58D20B00 /* [CP] Check Pods Manifest.lock */ = {
			isa = PBXShellScriptBuildPhase;
			buildActionMask = 2147483647;
			files = (
			);
			inputPaths = (
				"${PODS_PODFILE_DIR_PATH}/Podfile.lock",
				"${PODS_ROOT}/Manifest.lock",
			);
			name = "[CP] Check Pods Manifest.lock";
			outputPaths = (
				"$(DERIVED_FILE_DIR)/Pods-dynamic_forms-checkManifestLockResult.txt",
			);
			runOnlyForDeploymentPostprocessing = 0;
			shellPath = /bin/sh;
			shellScript = "diff \"${PODS_PODFILE_DIR_PATH}/Podfile.lock\" \"${PODS_ROOT}/Manifest.lock\" > /dev/null\nif [ $? != 0 ] ; then\n    # print error to STDERR\n    echo \"error: The sandbox is not in sync with the Podfile.lock. Run 'pod install' or update your CocoaPods installation.\" >&2\n    exit 1\nfi\n# This output is used by Xcode 'outputs' to avoid re-running this script phase.\necho \"SUCCESS\" > \"${SCRIPT_OUTPUT_FILE_0}\"\n";
			showEnvVarsInLog = 0;
		};
		54FCA9314A932912412381B4 /* [CP] Copy Pods Resources */ = {
			isa = PBXShellScriptBuildPhase;
			buildActionMask = 2147483647;
			files = (
			);
			inputPaths = (
			);
			name = "[CP] Copy Pods Resources";
			outputPaths = (
			);
			runOnlyForDeploymentPostprocessing = 0;
			shellPath = /bin/sh;
			shellScript = "\"${SRCROOT}/Pods/Target Support Files/Pods-dynamic_formsUITests/Pods-dynamic_formsUITests-resources.sh\"\n";
			showEnvVarsInLog = 0;
		};
		56A72C684C55AD73CF35B1CD /* [CP] Embed Pods Frameworks */ = {
			isa = PBXShellScriptBuildPhase;
			buildActionMask = 2147483647;
			files = (
			);
			inputPaths = (
				"${SRCROOT}/Pods/Target Support Files/Pods-dynamic_forms/Pods-dynamic_forms-frameworks.sh",
				"${BUILT_PRODUCTS_DIR}/Eureka/Eureka.framework",
			);
			name = "[CP] Embed Pods Frameworks";
			outputPaths = (
				"${TARGET_BUILD_DIR}/${FRAMEWORKS_FOLDER_PATH}/Eureka.framework",
			);
			runOnlyForDeploymentPostprocessing = 0;
			shellPath = /bin/sh;
			shellScript = "\"${SRCROOT}/Pods/Target Support Files/Pods-dynamic_forms/Pods-dynamic_forms-frameworks.sh\"\n";
			showEnvVarsInLog = 0;
		};
		F5FBD54F88A5F4C20FEC2A68 /* [CP] Check Pods Manifest.lock */ = {
			isa = PBXShellScriptBuildPhase;
			buildActionMask = 2147483647;
			files = (
			);
			inputPaths = (
				"${PODS_PODFILE_DIR_PATH}/Podfile.lock",
				"${PODS_ROOT}/Manifest.lock",
			);
			name = "[CP] Check Pods Manifest.lock";
			outputPaths = (
				"$(DERIVED_FILE_DIR)/Pods-dynamic_formsUITests-checkManifestLockResult.txt",
			);
			runOnlyForDeploymentPostprocessing = 0;
			shellPath = /bin/sh;
			shellScript = "diff \"${PODS_PODFILE_DIR_PATH}/Podfile.lock\" \"${PODS_ROOT}/Manifest.lock\" > /dev/null\nif [ $? != 0 ] ; then\n    # print error to STDERR\n    echo \"error: The sandbox is not in sync with the Podfile.lock. Run 'pod install' or update your CocoaPods installation.\" >&2\n    exit 1\nfi\n# This output is used by Xcode 'outputs' to avoid re-running this script phase.\necho \"SUCCESS\" > \"${SCRIPT_OUTPUT_FILE_0}\"\n";
			showEnvVarsInLog = 0;
		};
/* End PBXShellScriptBuildPhase section */

/* Begin PBXSourcesBuildPhase section */
		1230AAF71FBE3A89009CDC4F /* Sources */ = {
			isa = PBXSourcesBuildPhase;
			buildActionMask = 2147483647;
			files = (
				1230AB011FBE3A89009CDC4F /* ViewController.swift in Sources */,
				1230AAFF1FBE3A89009CDC4F /* AppDelegate.swift in Sources */,
				1230AB2D1FBE3D87009CDC4F /* FormDynamicController.swift in Sources */,
			);
			runOnlyForDeploymentPostprocessing = 0;
		};
		1230AB0B1FBE3A89009CDC4F /* Sources */ = {
			isa = PBXSourcesBuildPhase;
			buildActionMask = 2147483647;
			files = (
				1230AB141FBE3A89009CDC4F /* dynamic_formsTests.swift in Sources */,
			);
			runOnlyForDeploymentPostprocessing = 0;
		};
		1230AB161FBE3A89009CDC4F /* Sources */ = {
			isa = PBXSourcesBuildPhase;
			buildActionMask = 2147483647;
			files = (
				1230AB1F1FBE3A89009CDC4F /* dynamic_formsUITests.swift in Sources */,
			);
			runOnlyForDeploymentPostprocessing = 0;
		};
/* End PBXSourcesBuildPhase section */

/* Begin PBXTargetDependency section */
		1230AB111FBE3A89009CDC4F /* PBXTargetDependency */ = {
			isa = PBXTargetDependency;
			target = 1230AAFA1FBE3A89009CDC4F /* dynamic_forms */;
			targetProxy = 1230AB101FBE3A89009CDC4F /* PBXContainerItemProxy */;
		};
		1230AB1C1FBE3A89009CDC4F /* PBXTargetDependency */ = {
			isa = PBXTargetDependency;
			target = 1230AAFA1FBE3A89009CDC4F /* dynamic_forms */;
			targetProxy = 1230AB1B1FBE3A89009CDC4F /* PBXContainerItemProxy */;
		};
/* End PBXTargetDependency section */

/* Begin PBXVariantGroup section */
		1230AB021FBE3A89009CDC4F /* Main.storyboard */ = {
			isa = PBXVariantGroup;
			children = (
				1230AB031FBE3A89009CDC4F /* Base */,
			);
			name = Main.storyboard;
			sourceTree = "<group>";
		};
		1230AB071FBE3A89009CDC4F /* LaunchScreen.storyboard */ = {
			isa = PBXVariantGroup;
			children = (
				1230AB081FBE3A89009CDC4F /* Base */,
			);
			name = LaunchScreen.storyboard;
			sourceTree = "<group>";
		};
/* End PBXVariantGroup section */

/* Begin XCBuildConfiguration section */
		1230AB211FBE3A89009CDC4F /* Debug */ = {
			isa = XCBuildConfiguration;
			buildSettings = {
				ALWAYS_SEARCH_USER_PATHS = NO;
				CLANG_ANALYZER_NONNULL = YES;
				CLANG_ANALYZER_NUMBER_OBJECT_CONVERSION = YES_AGGRESSIVE;
				CLANG_CXX_LANGUAGE_STANDARD = "gnu++14";
				CLANG_CXX_LIBRARY = "libc++";
				CLANG_ENABLE_MODULES = YES;
				CLANG_ENABLE_OBJC_ARC = YES;
				CLANG_WARN_BLOCK_CAPTURE_AUTORELEASING = YES;
				CLANG_WARN_BOOL_CONVERSION = YES;
				CLANG_WARN_COMMA = YES;
				CLANG_WARN_CONSTANT_CONVERSION = YES;
				CLANG_WARN_DIRECT_OBJC_ISA_USAGE = YES_ERROR;
				CLANG_WARN_DOCUMENTATION_COMMENTS = YES;
				CLANG_WARN_EMPTY_BODY = YES;
				CLANG_WARN_ENUM_CONVERSION = YES;
				CLANG_WARN_INFINITE_RECURSION = YES;
				CLANG_WARN_INT_CONVERSION = YES;
				CLANG_WARN_NON_LITERAL_NULL_CONVERSION = YES;
				CLANG_WARN_OBJC_LITERAL_CONVERSION = YES;
				CLANG_WARN_OBJC_ROOT_CLASS = YES_ERROR;
				CLANG_WARN_RANGE_LOOP_ANALYSIS = YES;
				CLANG_WARN_STRICT_PROTOTYPES = YES;
				CLANG_WARN_SUSPICIOUS_MOVE = YES;
				CLANG_WARN_UNGUARDED_AVAILABILITY = YES_AGGRESSIVE;
				CLANG_WARN_UNREACHABLE_CODE = YES;
				CLANG_WARN__DUPLICATE_METHOD_MATCH = YES;
				CODE_SIGN_IDENTITY = "iPhone Developer";
				COPY_PHASE_STRIP = NO;
				DEBUG_INFORMATION_FORMAT = dwarf;
				ENABLE_STRICT_OBJC_MSGSEND = YES;
				ENABLE_TESTABILITY = YES;
				GCC_C_LANGUAGE_STANDARD = gnu11;
				GCC_DYNAMIC_NO_PIC = NO;
				GCC_NO_COMMON_BLOCKS = YES;
				GCC_OPTIMIZATION_LEVEL = 0;
				GCC_PREPROCESSOR_DEFINITIONS = (
					"DEBUG=1",
					"$(inherited)",
				);
				GCC_WARN_64_TO_32_BIT_CONVERSION = YES;
				GCC_WARN_ABOUT_RETURN_TYPE = YES_ERROR;
				GCC_WARN_UNDECLARED_SELECTOR = YES;
				GCC_WARN_UNINITIALIZED_AUTOS = YES_AGGRESSIVE;
				GCC_WARN_UNUSED_FUNCTION = YES;
				GCC_WARN_UNUSED_VARIABLE = YES;
				IPHONEOS_DEPLOYMENT_TARGET = 11.1;
				MTL_ENABLE_DEBUG_INFO = YES;
				ONLY_ACTIVE_ARCH = YES;
				SDKROOT = iphoneos;
				SWIFT_ACTIVE_COMPILATION_CONDITIONS = DEBUG;
				SWIFT_OPTIMIZATION_LEVEL = "-Onone";
			};
			name = Debug;
		};
		1230AB221FBE3A89009CDC4F /* Release */ = {
			isa = XCBuildConfiguration;
			buildSettings = {
				ALWAYS_SEARCH_USER_PATHS = NO;
				CLANG_ANALYZER_NONNULL = YES;
				CLANG_ANALYZER_NUMBER_OBJECT_CONVERSION = YES_AGGRESSIVE;
				CLANG_CXX_LANGUAGE_STANDARD = "gnu++14";
				CLANG_CXX_LIBRARY = "libc++";
				CLANG_ENABLE_MODULES = YES;
				CLANG_ENABLE_OBJC_ARC = YES;
				CLANG_WARN_BLOCK_CAPTURE_AUTORELEASING = YES;
				CLANG_WARN_BOOL_CONVERSION = YES;
				CLANG_WARN_COMMA = YES;
				CLANG_WARN_CONSTANT_CONVERSION = YES;
				CLANG_WARN_DIRECT_OBJC_ISA_USAGE = YES_ERROR;
				CLANG_WARN_DOCUMENTATION_COMMENTS = YES;
				CLANG_WARN_EMPTY_BODY = YES;
				CLANG_WARN_ENUM_CONVERSION = YES;
				CLANG_WARN_INFINITE_RECURSION = YES;
				CLANG_WARN_INT_CONVERSION = YES;
				CLANG_WARN_NON_LITERAL_NULL_CONVERSION = YES;
				CLANG_WARN_OBJC_LITERAL_CONVERSION = YES;
				CLANG_WARN_OBJC_ROOT_CLASS = YES_ERROR;
				CLANG_WARN_RANGE_LOOP_ANALYSIS = YES;
				CLANG_WARN_STRICT_PROTOTYPES = YES;
				CLANG_WARN_SUSPICIOUS_MOVE = YES;
				CLANG_WARN_UNGUARDED_AVAILABILITY = YES_AGGRESSIVE;
				CLANG_WARN_UNREACHABLE_CODE = YES;
				CLANG_WARN__DUPLICATE_METHOD_MATCH = YES;
				CODE_SIGN_IDENTITY = "iPhone Developer";
				COPY_PHASE_STRIP = NO;
				DEBUG_INFORMATION_FORMAT = "dwarf-with-dsym";
				ENABLE_NS_ASSERTIONS = NO;
				ENABLE_STRICT_OBJC_MSGSEND = YES;
				GCC_C_LANGUAGE_STANDARD = gnu11;
				GCC_NO_COMMON_BLOCKS = YES;
				GCC_WARN_64_TO_32_BIT_CONVERSION = YES;
				GCC_WARN_ABOUT_RETURN_TYPE = YES_ERROR;
				GCC_WARN_UNDECLARED_SELECTOR = YES;
				GCC_WARN_UNINITIALIZED_AUTOS = YES_AGGRESSIVE;
				GCC_WARN_UNUSED_FUNCTION = YES;
				GCC_WARN_UNUSED_VARIABLE = YES;
				IPHONEOS_DEPLOYMENT_TARGET = 11.1;
				MTL_ENABLE_DEBUG_INFO = NO;
				SDKROOT = iphoneos;
				SWIFT_OPTIMIZATION_LEVEL = "-Owholemodule";
				VALIDATE_PRODUCT = YES;
			};
			name = Release;
		};
		1230AB241FBE3A89009CDC4F /* Debug */ = {
			isa = XCBuildConfiguration;
			baseConfigurationReference = A54EE1349994EAC3666725B9 /* Pods-dynamic_forms.debug.xcconfig */;
			buildSettings = {
				ASSETCATALOG_COMPILER_APPICON_NAME = AppIcon;
				CODE_SIGN_STYLE = Automatic;
				DEVELOPMENT_TEAM = 2H2H83Z58U;
				INFOPLIST_FILE = dynamic_forms/Info.plist;
				LD_RUNPATH_SEARCH_PATHS = "$(inherited) @executable_path/Frameworks";
				PRODUCT_BUNDLE_IDENTIFIER = "jprophet89.dynamic-forms";
				PRODUCT_NAME = "$(TARGET_NAME)";
				SWIFT_VERSION = 4.0;
				TARGETED_DEVICE_FAMILY = 2;
			};
			name = Debug;
		};
		1230AB251FBE3A89009CDC4F /* Release */ = {
			isa = XCBuildConfiguration;
			baseConfigurationReference = 9F32B33F5A5B980298A6CE22 /* Pods-dynamic_forms.release.xcconfig */;
			buildSettings = {
				ASSETCATALOG_COMPILER_APPICON_NAME = AppIcon;
				CODE_SIGN_STYLE = Automatic;
				DEVELOPMENT_TEAM = 2H2H83Z58U;
				INFOPLIST_FILE = dynamic_forms/Info.plist;
				LD_RUNPATH_SEARCH_PATHS = "$(inherited) @executable_path/Frameworks";
				PRODUCT_BUNDLE_IDENTIFIER = "jprophet89.dynamic-forms";
				PRODUCT_NAME = "$(TARGET_NAME)";
				SWIFT_VERSION = 4.0;
				TARGETED_DEVICE_FAMILY = 2;
			};
			name = Release;
		};
		1230AB271FBE3A89009CDC4F /* Debug */ = {
			isa = XCBuildConfiguration;
			baseConfigurationReference = 3F8383F253C06BECE1293183 /* Pods-dynamic_formsTests.debug.xcconfig */;
			buildSettings = {
				ALWAYS_EMBED_SWIFT_STANDARD_LIBRARIES = YES;
				BUNDLE_LOADER = "$(TEST_HOST)";
				CODE_SIGN_STYLE = Automatic;
				DEVELOPMENT_TEAM = 2H2H83Z58U;
				INFOPLIST_FILE = dynamic_formsTests/Info.plist;
				LD_RUNPATH_SEARCH_PATHS = "$(inherited) @executable_path/Frameworks @loader_path/Frameworks";
				PRODUCT_BUNDLE_IDENTIFIER = "jprophet89.dynamic-formsTests";
				PRODUCT_NAME = "$(TARGET_NAME)";
				SWIFT_VERSION = 4.0;
				TARGETED_DEVICE_FAMILY = "1,2";
				TEST_HOST = "$(BUILT_PRODUCTS_DIR)/dynamic_forms.app/dynamic_forms";
			};
			name = Debug;
		};
		1230AB281FBE3A89009CDC4F /* Release */ = {
			isa = XCBuildConfiguration;
			baseConfigurationReference = 5731AFB13F7350D6A2E9BC6D /* Pods-dynamic_formsTests.release.xcconfig */;
			buildSettings = {
				ALWAYS_EMBED_SWIFT_STANDARD_LIBRARIES = YES;
				BUNDLE_LOADER = "$(TEST_HOST)";
				CODE_SIGN_STYLE = Automatic;
				DEVELOPMENT_TEAM = 2H2H83Z58U;
				INFOPLIST_FILE = dynamic_formsTests/Info.plist;
				LD_RUNPATH_SEARCH_PATHS = "$(inherited) @executable_path/Frameworks @loader_path/Frameworks";
				PRODUCT_BUNDLE_IDENTIFIER = "jprophet89.dynamic-formsTests";
				PRODUCT_NAME = "$(TARGET_NAME)";
				SWIFT_VERSION = 4.0;
				TARGETED_DEVICE_FAMILY = "1,2";
				TEST_HOST = "$(BUILT_PRODUCTS_DIR)/dynamic_forms.app/dynamic_forms";
			};
			name = Release;
		};
		1230AB2A1FBE3A89009CDC4F /* Debug */ = {
			isa = XCBuildConfiguration;
			baseConfigurationReference = 18EA0D3FCA18D5D74FCAC4C2 /* Pods-dynamic_formsUITests.debug.xcconfig */;
			buildSettings = {
				ALWAYS_EMBED_SWIFT_STANDARD_LIBRARIES = YES;
				CODE_SIGN_STYLE = Automatic;
				DEVELOPMENT_TEAM = 2H2H83Z58U;
				INFOPLIST_FILE = dynamic_formsUITests/Info.plist;
				LD_RUNPATH_SEARCH_PATHS = "$(inherited) @executable_path/Frameworks @loader_path/Frameworks";
				PRODUCT_BUNDLE_IDENTIFIER = "jprophet89.dynamic-formsUITests";
				PRODUCT_NAME = "$(TARGET_NAME)";
				SWIFT_VERSION = 4.0;
				TARGETED_DEVICE_FAMILY = "1,2";
				TEST_TARGET_NAME = dynamic_forms;
			};
			name = Debug;
		};
		1230AB2B1FBE3A89009CDC4F /* Release */ = {
			isa = XCBuildConfiguration;
			baseConfigurationReference = F6FA74879FD110F5DA8B9158 /* Pods-dynamic_formsUITests.release.xcconfig */;
			buildSettings = {
				ALWAYS_EMBED_SWIFT_STANDARD_LIBRARIES = YES;
				CODE_SIGN_STYLE = Automatic;
				DEVELOPMENT_TEAM = 2H2H83Z58U;
				INFOPLIST_FILE = dynamic_formsUITests/Info.plist;
				LD_RUNPATH_SEARCH_PATHS = "$(inherited) @executable_path/Frameworks @loader_path/Frameworks";
				PRODUCT_BUNDLE_IDENTIFIER = "jprophet89.dynamic-formsUITests";
				PRODUCT_NAME = "$(TARGET_NAME)";
				SWIFT_VERSION = 4.0;
				TARGETED_DEVICE_FAMILY = "1,2";
				TEST_TARGET_NAME = dynamic_forms;
			};
			name = Release;
		};
/* End XCBuildConfiguration section */

/* Begin XCConfigurationList section */
		1230AAF61FBE3A89009CDC4F /* Build configuration list for PBXProject "dynamic_forms" */ = {
			isa = XCConfigurationList;
			buildConfigurations = (
				1230AB211FBE3A89009CDC4F /* Debug */,
				1230AB221FBE3A89009CDC4F /* Release */,
			);
			defaultConfigurationIsVisible = 0;
			defaultConfigurationName = Release;
		};
		1230AB231FBE3A89009CDC4F /* Build configuration list for PBXNativeTarget "dynamic_forms" */ = {
			isa = XCConfigurationList;
			buildConfigurations = (
				1230AB241FBE3A89009CDC4F /* Debug */,
				1230AB251FBE3A89009CDC4F /* Release */,
			);
			defaultConfigurationIsVisible = 0;
			defaultConfigurationName = Release;
		};
		1230AB261FBE3A89009CDC4F /* Build configuration list for PBXNativeTarget "dynamic_formsTests" */ = {
			isa = XCConfigurationList;
			buildConfigurations = (
				1230AB271FBE3A89009CDC4F /* Debug */,
				1230AB281FBE3A89009CDC4F /* Release */,
			);
			defaultConfigurationIsVisible = 0;
			defaultConfigurationName = Release;
		};
		1230AB291FBE3A89009CDC4F /* Build configuration list for PBXNativeTarget "dynamic_formsUITests" */ = {
			isa = XCConfigurationList;
			buildConfigurations = (
				1230AB2A1FBE3A89009CDC4F /* Debug */,
				1230AB2B1FBE3A89009CDC4F /* Release */,
			);
			defaultConfigurationIsVisible = 0;
			defaultConfigurationName = Release;
		};
/* End XCConfigurationList section */
	};
	rootObject = 1230AAF31FBE3A89009CDC4F /* Project object */;
}
